
Microsoft Visual Studio Solution File, Format Version 12.00
# Visual Studio Version 17
VisualStudioVersion = 17.14.36301.6 d17.14
MinimumVisualStudioVersion = 10.0.40219.1
Project("{FAE04EC0-301F-11D3-BF4B-00C04F79EFBC}") = "WPFUI", "WPFUI\WPFUI.csproj", "{C394CC2C-2E82-40C9-8EEA-67F476445A41}"
EndProject
Global
	GlobalSection(SolutionConfigurationPlatforms) = preSolution
		Debug|Any CPU = Debug|Any CPU
		Release|Any CPU = Release|Any CPU
	EndGlobalSection
	GlobalSection(ProjectConfigurationPlatforms) = postSolution
		{C394CC2C-2E82-40C9-8EEA-67F476445A41}.Debug|Any CPU.ActiveCfg = Debug|Any CPU
		{C394CC2C-2E82-40C9-8EEA-67F476445A41}.Debug|Any CPU.Build.0 = Debug|Any CPU
		{C394CC2C-2E82-40C9-8EEA-67F476445A41}.Release|Any CPU.ActiveCfg = Release|Any CPU
		{C394CC2C-2E82-40C9-8EEA-67F476445A41}.Release|Any CPU.Build.0 = Release|Any CPU
	EndGlobalSection
	GlobalSection(SolutionProperties) = preSolution
		HideSolutionNode = FALSE
	EndGlobalSection
	GlobalSection(ExtensibilityGlobals) = postSolution
		SolutionGuid = {08EC66F1-48D2-40D8-A99F-8A60B92C6C27}
	EndGlobalSection
EndGlobal
